// !$*UTF8*$!
{
	archiveVersion = 1;
	classes = {
	};
	objectVersion = 56;
	objects = {

/* Begin PBXBuildFile section */
		218BF70A2B9F91F100D33E3B /* AppDelegate.swift in Sources */ = {isa = PBXBuildFile; fileRef = 218BF7092B9F91F100D33E3B /* AppDelegate.swift */; };
		218BF70C2B9F91F100D33E3B /* SceneDelegate.swift in Sources */ = {isa = PBXBuildFile; fileRef = 218BF70B2B9F91F100D33E3B /* SceneDelegate.swift */; };
		218BF70E2B9F91F100D33E3B /* SignInViewController.swift in Sources */ = {isa = PBXBuildFile; fileRef = 218BF70D2B9F91F100D33E3B /* SignInViewController.swift */; };
		218BF7132B9F91F400D33E3B /* Assets.xcassets in Resources */ = {isa = PBXBuildFile; fileRef = 218BF7122B9F91F400D33E3B /* Assets.xcassets */; };
		218BF7162B9F91F400D33E3B /* LaunchScreen.storyboard in Resources */ = {isa = PBXBuildFile; fileRef = 218BF7142B9F91F400D33E3B /* LaunchScreen.storyboard */; };
		218BF7232B9F96A400D33E3B /* SignInView.swift in Sources */ = {isa = PBXBuildFile; fileRef = 218BF7222B9F96A400D33E3B /* SignInView.swift */; };
		218BF7252B9F96EB00D33E3B /* SignInViewModel.swift in Sources */ = {isa = PBXBuildFile; fileRef = 218BF7242B9F96EB00D33E3B /* SignInViewModel.swift */; };
		218BF7272B9F970600D33E3B /* SignUpView.swift in Sources */ = {isa = PBXBuildFile; fileRef = 218BF7262B9F970600D33E3B /* SignUpView.swift */; };
		218BF7292B9F971400D33E3B /* SignUpViewModel.swift in Sources */ = {isa = PBXBuildFile; fileRef = 218BF7282B9F971400D33E3B /* SignUpViewModel.swift */; };
		218BF72C2B9F972900D33E3B /* SignUpViewController.swift in Sources */ = {isa = PBXBuildFile; fileRef = 218BF72B2B9F972900D33E3B /* SignUpViewController.swift */; };
		218BF7312B9F99F000D33E3B /* CustomTextField.swift in Sources */ = {isa = PBXBuildFile; fileRef = 218BF7302B9F99F000D33E3B /* CustomTextField.swift */; };
		DAD7A13409C7628A85329723 /* Pods_CooksCorner.framework in Frameworks */ = {isa = PBXBuildFile; fileRef = 50193C1FB70C86B784687B53 /* Pods_CooksCorner.framework */; };
/* End PBXBuildFile section */

/* Begin PBXFileReference section */
		218BF7062B9F91F100D33E3B /* CooksCorner.app */ = {isa = PBXFileReference; explicitFileType = wrapper.application; includeInIndex = 0; path = CooksCorner.app; sourceTree = BUILT_PRODUCTS_DIR; };
		218BF7092B9F91F100D33E3B /* AppDelegate.swift */ = {isa = PBXFileReference; lastKnownFileType = sourcecode.swift; path = AppDelegate.swift; sourceTree = "<group>"; };
		218BF70B2B9F91F100D33E3B /* SceneDelegate.swift */ = {isa = PBXFileReference; lastKnownFileType = sourcecode.swift; path = SceneDelegate.swift; sourceTree = "<group>"; };
		218BF70D2B9F91F100D33E3B /* SignInViewController.swift */ = {isa = PBXFileReference; lastKnownFileType = sourcecode.swift; path = SignInViewController.swift; sourceTree = "<group>"; };
		218BF7122B9F91F400D33E3B /* Assets.xcassets */ = {isa = PBXFileReference; lastKnownFileType = folder.assetcatalog; path = Assets.xcassets; sourceTree = "<group>"; };
		218BF7152B9F91F400D33E3B /* Base */ = {isa = PBXFileReference; lastKnownFileType = file.storyboard; name = Base; path = Base.lproj/LaunchScreen.storyboard; sourceTree = "<group>"; };
		218BF7172B9F91F400D33E3B /* Info.plist */ = {isa = PBXFileReference; lastKnownFileType = text.plist.xml; path = Info.plist; sourceTree = "<group>"; };
		218BF7222B9F96A400D33E3B /* SignInView.swift */ = {isa = PBXFileReference; lastKnownFileType = sourcecode.swift; path = SignInView.swift; sourceTree = "<group>"; };
		218BF7242B9F96EB00D33E3B /* SignInViewModel.swift */ = {isa = PBXFileReference; lastKnownFileType = sourcecode.swift; path = SignInViewModel.swift; sourceTree = "<group>"; };
		218BF7262B9F970600D33E3B /* SignUpView.swift */ = {isa = PBXFileReference; lastKnownFileType = sourcecode.swift; path = SignUpView.swift; sourceTree = "<group>"; };
		218BF7282B9F971400D33E3B /* SignUpViewModel.swift */ = {isa = PBXFileReference; lastKnownFileType = sourcecode.swift; path = SignUpViewModel.swift; sourceTree = "<group>"; };
		218BF72B2B9F972900D33E3B /* SignUpViewController.swift */ = {isa = PBXFileReference; lastKnownFileType = sourcecode.swift; path = SignUpViewController.swift; sourceTree = "<group>"; };
		218BF7302B9F99F000D33E3B /* CustomTextField.swift */ = {isa = PBXFileReference; lastKnownFileType = sourcecode.swift; path = CustomTextField.swift; sourceTree = "<group>"; };
		50193C1FB70C86B784687B53 /* Pods_CooksCorner.framework */ = {isa = PBXFileReference; explicitFileType = wrapper.framework; includeInIndex = 0; path = Pods_CooksCorner.framework; sourceTree = BUILT_PRODUCTS_DIR; };
		5B6B5D6F0192E9F80331A236 /* Pods-CooksCorner.release.xcconfig */ = {isa = PBXFileReference; includeInIndex = 1; lastKnownFileType = text.xcconfig; name = "Pods-CooksCorner.release.xcconfig"; path = "Target Support Files/Pods-CooksCorner/Pods-CooksCorner.release.xcconfig"; sourceTree = "<group>"; };
		7A703BBCBC11AA80A38D2FA8 /* Pods-CooksCorner.debug.xcconfig */ = {isa = PBXFileReference; includeInIndex = 1; lastKnownFileType = text.xcconfig; name = "Pods-CooksCorner.debug.xcconfig"; path = "Target Support Files/Pods-CooksCorner/Pods-CooksCorner.debug.xcconfig"; sourceTree = "<group>"; };
/* End PBXFileReference section */

/* Begin PBXFrameworksBuildPhase section */
		218BF7032B9F91F100D33E3B /* Frameworks */ = {
			isa = PBXFrameworksBuildPhase;
			buildActionMask = 2147483647;
			files = (
				DAD7A13409C7628A85329723 /* Pods_CooksCorner.framework in Frameworks */,
			);
			runOnlyForDeploymentPostprocessing = 0;
		};
/* End PBXFrameworksBuildPhase section */

/* Begin PBXGroup section */
		218BF6FD2B9F91F100D33E3B = {
			isa = PBXGroup;
			children = (
				218BF7082B9F91F100D33E3B /* CooksCorner */,
				218BF7072B9F91F100D33E3B /* Products */,
				26CD373CD4D19BF98C72BB50 /* Pods */,
				AC76C05ED47FC0855C1C115A /* Frameworks */,
			);
			sourceTree = "<group>";
		};
		218BF7072B9F91F100D33E3B /* Products */ = {
			isa = PBXGroup;
			children = (
				218BF7062B9F91F100D33E3B /* CooksCorner.app */,
			);
			name = Products;
			sourceTree = "<group>";
		};
		218BF7082B9F91F100D33E3B /* CooksCorner */ = {
			isa = PBXGroup;
			children = (
				218BF72D2B9F99C800D33E3B /* Common */,
				218BF71F2B9F965E00D33E3B /* Modules */,
				218BF71E2B9F960A00D33E3B /* Resources */,
				218BF71D2B9F95D200D33E3B /* App */,
			);
			path = CooksCorner;
			sourceTree = "<group>";
		};
		218BF71D2B9F95D200D33E3B /* App */ = {
			isa = PBXGroup;
			children = (
				218BF70B2B9F91F100D33E3B /* SceneDelegate.swift */,
				218BF7092B9F91F100D33E3B /* AppDelegate.swift */,
			);
			path = App;
			sourceTree = "<group>";
		};
		218BF71E2B9F960A00D33E3B /* Resources */ = {
			isa = PBXGroup;
			children = (
				218BF7172B9F91F400D33E3B /* Info.plist */,
				218BF7142B9F91F400D33E3B /* LaunchScreen.storyboard */,
				218BF7122B9F91F400D33E3B /* Assets.xcassets */,
			);
			path = Resources;
			sourceTree = "<group>";
		};
		218BF71F2B9F965E00D33E3B /* Modules */ = {
			isa = PBXGroup;
			children = (
				218BF7212B9F967F00D33E3B /* SignUpWorkFlow */,
				218BF7202B9F966500D33E3B /* SignInWorkFlow */,
			);
			path = Modules;
			sourceTree = "<group>";
		};
		218BF7202B9F966500D33E3B /* SignInWorkFlow */ = {
			isa = PBXGroup;
			children = (
				218BF7222B9F96A400D33E3B /* SignInView.swift */,
				218BF7242B9F96EB00D33E3B /* SignInViewModel.swift */,
				218BF70D2B9F91F100D33E3B /* SignInViewController.swift */,
			);
			path = SignInWorkFlow;
			sourceTree = "<group>";
		};
		218BF7212B9F967F00D33E3B /* SignUpWorkFlow */ = {
			isa = PBXGroup;
			children = (
				218BF7262B9F970600D33E3B /* SignUpView.swift */,
				218BF7282B9F971400D33E3B /* SignUpViewModel.swift */,
				218BF72B2B9F972900D33E3B /* SignUpViewController.swift */,
			);
			path = SignUpWorkFlow;
			sourceTree = "<group>";
		};
		218BF72D2B9F99C800D33E3B /* Common */ = {
			isa = PBXGroup;
			children = (
				218BF72E2B9F99D400D33E3B /* CustomTextField */,
			);
			path = Common;
			sourceTree = "<group>";
		};
		218BF72E2B9F99D400D33E3B /* CustomTextField */ = {
			isa = PBXGroup;
			children = (
				218BF7302B9F99F000D33E3B /* CustomTextField.swift */,
			);
			path = CustomTextField;
			sourceTree = "<group>";
		};
		26CD373CD4D19BF98C72BB50 /* Pods */ = {
			isa = PBXGroup;
			children = (
				7A703BBCBC11AA80A38D2FA8 /* Pods-CooksCorner.debug.xcconfig */,
				5B6B5D6F0192E9F80331A236 /* Pods-CooksCorner.release.xcconfig */,
			);
			name = Pods;
			path = Pods;
			sourceTree = "<group>";
		};
		AC76C05ED47FC0855C1C115A /* Frameworks */ = {
			isa = PBXGroup;
			children = (
				50193C1FB70C86B784687B53 /* Pods_CooksCorner.framework */,
			);
			name = Frameworks;
			sourceTree = "<group>";
		};
/* End PBXGroup section */

/* Begin PBXNativeTarget section */
		218BF7052B9F91F100D33E3B /* CooksCorner */ = {
			isa = PBXNativeTarget;
			buildConfigurationList = 218BF71A2B9F91F400D33E3B /* Build configuration list for PBXNativeTarget "CooksCorner" */;
			buildPhases = (
				C5E9066CFD7700D40FBFD301 /* [CP] Check Pods Manifest.lock */,
				218BF7022B9F91F100D33E3B /* Sources */,
				218BF7032B9F91F100D33E3B /* Frameworks */,
				218BF7042B9F91F100D33E3B /* Resources */,
				ADD61C378FB7A6EBD05106F4 /* [CP] Embed Pods Frameworks */,
			);
			buildRules = (
			);
			dependencies = (
			);
			name = CooksCorner;
			productName = CooksCorner;
			productReference = 218BF7062B9F91F100D33E3B /* CooksCorner.app */;
			productType = "com.apple.product-type.application";
		};
/* End PBXNativeTarget section */

/* Begin PBXProject section */
		218BF6FE2B9F91F100D33E3B /* Project object */ = {
			isa = PBXProject;
			attributes = {
				BuildIndependentTargetsInParallel = 1;
				LastSwiftUpdateCheck = 1520;
				LastUpgradeCheck = 1520;
				TargetAttributes = {
					218BF7052B9F91F100D33E3B = {
						CreatedOnToolsVersion = 15.2;
					};
				};
			};
			buildConfigurationList = 218BF7012B9F91F100D33E3B /* Build configuration list for PBXProject "CooksCorner" */;
			compatibilityVersion = "Xcode 14.0";
			developmentRegion = en;
			hasScannedForEncodings = 0;
			knownRegions = (
				en,
				Base,
			);
			mainGroup = 218BF6FD2B9F91F100D33E3B;
			productRefGroup = 218BF7072B9F91F100D33E3B /* Products */;
			projectDirPath = "";
			projectRoot = "";
			targets = (
				218BF7052B9F91F100D33E3B /* CooksCorner */,
			);
		};
/* End PBXProject section */

/* Begin PBXResourcesBuildPhase section */
		218BF7042B9F91F100D33E3B /* Resources */ = {
			isa = PBXResourcesBuildPhase;
			buildActionMask = 2147483647;
			files = (
				218BF7162B9F91F400D33E3B /* LaunchScreen.storyboard in Resources */,
				218BF7132B9F91F400D33E3B /* Assets.xcassets in Resources */,
			);
			runOnlyForDeploymentPostprocessing = 0;
		};
/* End PBXResourcesBuildPhase section */

/* Begin PBXShellScriptBuildPhase section */
		ADD61C378FB7A6EBD05106F4 /* [CP] Embed Pods Frameworks */ = {
			isa = PBXShellScriptBuildPhase;
			buildActionMask = 2147483647;
			files = (
			);
			inputFileListPaths = (
				"${PODS_ROOT}/Target Support Files/Pods-CooksCorner/Pods-CooksCorner-frameworks-${CONFIGURATION}-input-files.xcfilelist",
			);
			name = "[CP] Embed Pods Frameworks";
			outputFileListPaths = (
				"${PODS_ROOT}/Target Support Files/Pods-CooksCorner/Pods-CooksCorner-frameworks-${CONFIGURATION}-output-files.xcfilelist",
			);
			runOnlyForDeploymentPostprocessing = 0;
			shellPath = /bin/sh;
			shellScript = "\"${PODS_ROOT}/Target Support Files/Pods-CooksCorner/Pods-CooksCorner-frameworks.sh\"\n";
			showEnvVarsInLog = 0;
		};
		C5E9066CFD7700D40FBFD301 /* [CP] Check Pods Manifest.lock */ = {
			isa = PBXShellScriptBuildPhase;
			buildActionMask = 2147483647;
			files = (
			);
			inputFileListPaths = (
			);
			inputPaths = (
				"${PODS_PODFILE_DIR_PATH}/Podfile.lock",
				"${PODS_ROOT}/Manifest.lock",
			);
			name = "[CP] Check Pods Manifest.lock";
			outputFileListPaths = (
			);
			outputPaths = (
				"$(DERIVED_FILE_DIR)/Pods-CooksCorner-checkManifestLockResult.txt",
			);
			runOnlyForDeploymentPostprocessing = 0;
			shellPath = /bin/sh;
			shellScript = "diff \"${PODS_PODFILE_DIR_PATH}/Podfile.lock\" \"${PODS_ROOT}/Manifest.lock\" > /dev/null\nif [ $? != 0 ] ; then\n    # print error to STDERR\n    echo \"error: The sandbox is not in sync with the Podfile.lock. Run 'pod install' or update your CocoaPods installation.\" >&2\n    exit 1\nfi\n# This output is used by Xcode 'outputs' to avoid re-running this script phase.\necho \"SUCCESS\" > \"${SCRIPT_OUTPUT_FILE_0}\"\n";
			showEnvVarsInLog = 0;
		};
/* End PBXShellScriptBuildPhase section */

/* Begin PBXSourcesBuildPhase section */
		218BF7022B9F91F100D33E3B /* Sources */ = {
			isa = PBXSourcesBuildPhase;
			buildActionMask = 2147483647;
			files = (
				218BF70E2B9F91F100D33E3B /* SignInViewController.swift in Sources */,
				218BF70A2B9F91F100D33E3B /* AppDelegate.swift in Sources */,
				218BF72C2B9F972900D33E3B /* SignUpViewController.swift in Sources */,
				218BF7232B9F96A400D33E3B /* SignInView.swift in Sources */,
				218BF70C2B9F91F100D33E3B /* SceneDelegate.swift in Sources */,
				218BF7272B9F970600D33E3B /* SignUpView.swift in Sources */,
				218BF7252B9F96EB00D33E3B /* SignInViewModel.swift in Sources */,
				218BF7292B9F971400D33E3B /* SignUpViewModel.swift in Sources */,
				218BF7312B9F99F000D33E3B /* CustomTextField.swift in Sources */,
			);
			runOnlyForDeploymentPostprocessing = 0;
		};
/* End PBXSourcesBuildPhase section */

/* Begin PBXVariantGroup section */
		218BF7142B9F91F400D33E3B /* LaunchScreen.storyboard */ = {
			isa = PBXVariantGroup;
			children = (
				218BF7152B9F91F400D33E3B /* Base */,
			);
			name = LaunchScreen.storyboard;
			sourceTree = "<group>";
		};
/* End PBXVariantGroup section */

/* Begin XCBuildConfiguration section */
		218BF7182B9F91F400D33E3B /* Debug */ = {
			isa = XCBuildConfiguration;
			buildSettings = {
				ALWAYS_SEARCH_USER_PATHS = NO;
				ASSETCATALOG_COMPILER_GENERATE_SWIFT_ASSET_SYMBOL_EXTENSIONS = YES;
				CLANG_ANALYZER_NONNULL = YES;
				CLANG_ANALYZER_NUMBER_OBJECT_CONVERSION = YES_AGGRESSIVE;
				CLANG_CXX_LANGUAGE_STANDARD = "gnu++20";
				CLANG_ENABLE_MODULES = YES;
				CLANG_ENABLE_OBJC_ARC = YES;
				CLANG_ENABLE_OBJC_WEAK = YES;
				CLANG_WARN_BLOCK_CAPTURE_AUTORELEASING = YES;
				CLANG_WARN_BOOL_CONVERSION = YES;
				CLANG_WARN_COMMA = YES;
				CLANG_WARN_CONSTANT_CONVERSION = YES;
				CLANG_WARN_DEPRECATED_OBJC_IMPLEMENTATIONS = YES;
				CLANG_WARN_DIRECT_OBJC_ISA_USAGE = YES_ERROR;
				CLANG_WARN_DOCUMENTATION_COMMENTS = YES;
				CLANG_WARN_EMPTY_BODY = YES;
				CLANG_WARN_ENUM_CONVERSION = YES;
				CLANG_WARN_INFINITE_RECURSION = YES;
				CLANG_WARN_INT_CONVERSION = YES;
				CLANG_WARN_NON_LITERAL_NULL_CONVERSION = YES;
				CLANG_WARN_OBJC_IMPLICIT_RETAIN_SELF = YES;
				CLANG_WARN_OBJC_LITERAL_CONVERSION = YES;
				CLANG_WARN_OBJC_ROOT_CLASS = YES_ERROR;
				CLANG_WARN_QUOTED_INCLUDE_IN_FRAMEWORK_HEADER = YES;
				CLANG_WARN_RANGE_LOOP_ANALYSIS = YES;
				CLANG_WARN_STRICT_PROTOTYPES = YES;
				CLANG_WARN_SUSPICIOUS_MOVE = YES;
				CLANG_WARN_UNGUARDED_AVAILABILITY = YES_AGGRESSIVE;
				CLANG_WARN_UNREACHABLE_CODE = YES;
				CLANG_WARN__DUPLICATE_METHOD_MATCH = YES;
				COPY_PHASE_STRIP = NO;
				DEBUG_INFORMATION_FORMAT = dwarf;
				ENABLE_STRICT_OBJC_MSGSEND = YES;
				ENABLE_TESTABILITY = YES;
				ENABLE_USER_SCRIPT_SANDBOXING = YES;
				GCC_C_LANGUAGE_STANDARD = gnu17;
				GCC_DYNAMIC_NO_PIC = NO;
				GCC_NO_COMMON_BLOCKS = YES;
				GCC_OPTIMIZATION_LEVEL = 0;
				GCC_PREPROCESSOR_DEFINITIONS = (
					"DEBUG=1",
					"$(inherited)",
				);
				GCC_WARN_64_TO_32_BIT_CONVERSION = YES;
				GCC_WARN_ABOUT_RETURN_TYPE = YES_ERROR;
				GCC_WARN_UNDECLARED_SELECTOR = YES;
				GCC_WARN_UNINITIALIZED_AUTOS = YES_AGGRESSIVE;
				GCC_WARN_UNUSED_FUNCTION = YES;
				GCC_WARN_UNUSED_VARIABLE = YES;
				IPHONEOS_DEPLOYMENT_TARGET = 17.2;
				LOCALIZATION_PREFERS_STRING_CATALOGS = YES;
				MTL_ENABLE_DEBUG_INFO = INCLUDE_SOURCE;
				MTL_FAST_MATH = YES;
				ONLY_ACTIVE_ARCH = YES;
				SDKROOT = iphoneos;
				SWIFT_ACTIVE_COMPILATION_CONDITIONS = "DEBUG $(inherited)";
				SWIFT_OPTIMIZATION_LEVEL = "-Onone";
			};
			name = Debug;
		};
		218BF7192B9F91F400D33E3B /* Release */ = {
			isa = XCBuildConfiguration;
			buildSettings = {
				ALWAYS_SEARCH_USER_PATHS = NO;
				ASSETCATALOG_COMPILER_GENERATE_SWIFT_ASSET_SYMBOL_EXTENSIONS = YES;
				CLANG_ANALYZER_NONNULL = YES;
				CLANG_ANALYZER_NUMBER_OBJECT_CONVERSION = YES_AGGRESSIVE;
				CLANG_CXX_LANGUAGE_STANDARD = "gnu++20";
				CLANG_ENABLE_MODULES = YES;
				CLANG_ENABLE_OBJC_ARC = YES;
				CLANG_ENABLE_OBJC_WEAK = YES;
				CLANG_WARN_BLOCK_CAPTURE_AUTORELEASING = YES;
				CLANG_WARN_BOOL_CONVERSION = YES;
				CLANG_WARN_COMMA = YES;
				CLANG_WARN_CONSTANT_CONVERSION = YES;
				CLANG_WARN_DEPRECATED_OBJC_IMPLEMENTATIONS = YES;
				CLANG_WARN_DIRECT_OBJC_ISA_USAGE = YES_ERROR;
				CLANG_WARN_DOCUMENTATION_COMMENTS = YES;
				CLANG_WARN_EMPTY_BODY = YES;
				CLANG_WARN_ENUM_CONVERSION = YES;
				CLANG_WARN_INFINITE_RECURSION = YES;
				CLANG_WARN_INT_CONVERSION = YES;
				CLANG_WARN_NON_LITERAL_NULL_CONVERSION = YES;
				CLANG_WARN_OBJC_IMPLICIT_RETAIN_SELF = YES;
				CLANG_WARN_OBJC_LITERAL_CONVERSION = YES;
				CLANG_WARN_OBJC_ROOT_CLASS = YES_ERROR;
				CLANG_WARN_QUOTED_INCLUDE_IN_FRAMEWORK_HEADER = YES;
				CLANG_WARN_RANGE_LOOP_ANALYSIS = YES;
				CLANG_WARN_STRICT_PROTOTYPES = YES;
				CLANG_WARN_SUSPICIOUS_MOVE = YES;
				CLANG_WARN_UNGUARDED_AVAILABILITY = YES_AGGRESSIVE;
				CLANG_WARN_UNREACHABLE_CODE = YES;
				CLANG_WARN__DUPLICATE_METHOD_MATCH = YES;
				COPY_PHASE_STRIP = NO;
				DEBUG_INFORMATION_FORMAT = "dwarf-with-dsym";
				ENABLE_NS_ASSERTIONS = NO;
				ENABLE_STRICT_OBJC_MSGSEND = YES;
				ENABLE_USER_SCRIPT_SANDBOXING = YES;
				GCC_C_LANGUAGE_STANDARD = gnu17;
				GCC_NO_COMMON_BLOCKS = YES;
				GCC_WARN_64_TO_32_BIT_CONVERSION = YES;
				GCC_WARN_ABOUT_RETURN_TYPE = YES_ERROR;
				GCC_WARN_UNDECLARED_SELECTOR = YES;
				GCC_WARN_UNINITIALIZED_AUTOS = YES_AGGRESSIVE;
				GCC_WARN_UNUSED_FUNCTION = YES;
				GCC_WARN_UNUSED_VARIABLE = YES;
				IPHONEOS_DEPLOYMENT_TARGET = 17.2;
				LOCALIZATION_PREFERS_STRING_CATALOGS = YES;
				MTL_ENABLE_DEBUG_INFO = NO;
				MTL_FAST_MATH = YES;
				SDKROOT = iphoneos;
				SWIFT_COMPILATION_MODE = wholemodule;
				VALIDATE_PRODUCT = YES;
			};
			name = Release;
		};
		218BF71B2B9F91F400D33E3B /* Debug */ = {
			isa = XCBuildConfiguration;
			baseConfigurationReference = 7A703BBCBC11AA80A38D2FA8 /* Pods-CooksCorner.debug.xcconfig */;
			buildSettings = {
				ASSETCATALOG_COMPILER_APPICON_NAME = AppIcon;
				ASSETCATALOG_COMPILER_GLOBAL_ACCENT_COLOR_NAME = AccentColor;
				CODE_SIGN_STYLE = Automatic;
				CURRENT_PROJECT_VERSION = 1;
				GENERATE_INFOPLIST_FILE = YES;
				INFOPLIST_FILE = CooksCorner/Resources/Info.plist;
				INFOPLIST_KEY_UIApplicationSupportsIndirectInputEvents = YES;
				INFOPLIST_KEY_UILaunchStoryboardName = LaunchScreen;
				INFOPLIST_KEY_UISupportedInterfaceOrientations_iPad = "UIInterfaceOrientationPortrait UIInterfaceOrientationPortraitUpsideDown UIInterfaceOrientationLandscapeLeft UIInterfaceOrientationLandscapeRight";
				INFOPLIST_KEY_UISupportedInterfaceOrientations_iPhone = "UIInterfaceOrientationPortrait UIInterfaceOrientationLandscapeLeft UIInterfaceOrientationLandscapeRight";
				LD_RUNPATH_SEARCH_PATHS = (
					"$(inherited)",
					"@executable_path/Frameworks",
				);
				MARKETING_VERSION = 1.0;
				PRODUCT_BUNDLE_IDENTIFIER = MyProject.CooksCorner;
				PRODUCT_NAME = "$(TARGET_NAME)";
				SWIFT_EMIT_LOC_STRINGS = YES;
				SWIFT_VERSION = 5.0;
				TARGETED_DEVICE_FAMILY = "1,2";
			};
			name = Debug;
		};
		218BF71C2B9F91F400D33E3B /* Release */ = {
			isa = XCBuildConfiguration;
			baseConfigurationReference = 5B6B5D6F0192E9F80331A236 /* Pods-CooksCorner.release.xcconfig */;
			buildSettings = {
				ASSETCATALOG_COMPILER_APPICON_NAME = AppIcon;
				ASSETCATALOG_COMPILER_GLOBAL_ACCENT_COLOR_NAME = AccentColor;
				CODE_SIGN_STYLE = Automatic;
				CURRENT_PROJECT_VERSION = 1;
				GENERATE_INFOPLIST_FILE = YES;
				INFOPLIST_FILE = CooksCorner/Resources/Info.plist;
				INFOPLIST_KEY_UIApplicationSupportsIndirectInputEvents = YES;
				INFOPLIST_KEY_UILaunchStoryboardName = LaunchScreen;
				INFOPLIST_KEY_UISupportedInterfaceOrientations_iPad = "UIInterfaceOrientationPortrait UIInterfaceOrientationPortraitUpsideDown UIInterfaceOrientationLandscapeLeft UIInterfaceOrientationLandscapeRight";
				INFOPLIST_KEY_UISupportedInterfaceOrientations_iPhone = "UIInterfaceOrientationPortrait UIInterfaceOrientationLandscapeLeft UIInterfaceOrientationLandscapeRight";
				LD_RUNPATH_SEARCH_PATHS = (
					"$(inherited)",
					"@executable_path/Frameworks",
				);
				MARKETING_VERSION = 1.0;
				PRODUCT_BUNDLE_IDENTIFIER = MyProject.CooksCorner;
				PRODUCT_NAME = "$(TARGET_NAME)";
				SWIFT_EMIT_LOC_STRINGS = YES;
				SWIFT_VERSION = 5.0;
				TARGETED_DEVICE_FAMILY = "1,2";
			};
			name = Release;
		};
/* End XCBuildConfiguration section */

/* Begin XCConfigurationList section */
		218BF7012B9F91F100D33E3B /* Build configuration list for PBXProject "CooksCorner" */ = {
			isa = XCConfigurationList;
			buildConfigurations = (
				218BF7182B9F91F400D33E3B /* Debug */,
				218BF7192B9F91F400D33E3B /* Release */,
			);
			defaultConfigurationIsVisible = 0;
			defaultConfigurationName = Release;
		};
		218BF71A2B9F91F400D33E3B /* Build configuration list for PBXNativeTarget "CooksCorner" */ = {
			isa = XCConfigurationList;
			buildConfigurations = (
				218BF71B2B9F91F400D33E3B /* Debug */,
				218BF71C2B9F91F400D33E3B /* Release */,
			);
			defaultConfigurationIsVisible = 0;
			defaultConfigurationName = Release;
		};
/* End XCConfigurationList section */
	};
	rootObject = 218BF6FE2B9F91F100D33E3B /* Project object */;
}
