// !$*UTF8*$!
{
	archiveVersion = 1;
	classes = {
	};
	objectVersion = 56;
	objects = {

/* Begin PBXBuildFile section */
		218BF70A2B9F91F100D33E3B /* AppDelegate.swift in Sources */ = {isa = PBXBuildFile; fileRef = 218BF7092B9F91F100D33E3B /* AppDelegate.swift */; };
		218BF70C2B9F91F100D33E3B /* SceneDelegate.swift in Sources */ = {isa = PBXBuildFile; fileRef = 218BF70B2B9F91F100D33E3B /* SceneDelegate.swift */; };
		218BF70E2B9F91F100D33E3B /* SignInViewController.swift in Sources */ = {isa = PBXBuildFile; fileRef = 218BF70D2B9F91F100D33E3B /* SignInViewController.swift */; };
		218BF7132B9F91F400D33E3B /* Assets.xcassets in Resources */ = {isa = PBXBuildFile; fileRef = 218BF7122B9F91F400D33E3B /* Assets.xcassets */; };
		218BF7162B9F91F400D33E3B /* LaunchScreen.storyboard in Resources */ = {isa = PBXBuildFile; fileRef = 218BF7142B9F91F400D33E3B /* LaunchScreen.storyboard */; };
		218BF7232B9F96A400D33E3B /* SignInView.swift in Sources */ = {isa = PBXBuildFile; fileRef = 218BF7222B9F96A400D33E3B /* SignInView.swift */; };
		218BF7252B9F96EB00D33E3B /* SignInViewModel.swift in Sources */ = {isa = PBXBuildFile; fileRef = 218BF7242B9F96EB00D33E3B /* SignInViewModel.swift */; };
		218BF7272B9F970600D33E3B /* SignUpView.swift in Sources */ = {isa = PBXBuildFile; fileRef = 218BF7262B9F970600D33E3B /* SignUpView.swift */; };
		218BF7292B9F971400D33E3B /* SignUpViewModel.swift in Sources */ = {isa = PBXBuildFile; fileRef = 218BF7282B9F971400D33E3B /* SignUpViewModel.swift */; };
		218BF72C2B9F972900D33E3B /* SignUpViewController.swift in Sources */ = {isa = PBXBuildFile; fileRef = 218BF72B2B9F972900D33E3B /* SignUpViewController.swift */; };
		218BF7312B9F99F000D33E3B /* CustomTextField.swift in Sources */ = {isa = PBXBuildFile; fileRef = 218BF7302B9F99F000D33E3B /* CustomTextField.swift */; };
		218BF7382BA1E97D00D33E3B /* HomeViewController.swift in Sources */ = {isa = PBXBuildFile; fileRef = 218BF7372BA1E97D00D33E3B /* HomeViewController.swift */; };
		218BF73A2BA1E9B100D33E3B /* HomeViewModel.swift in Sources */ = {isa = PBXBuildFile; fileRef = 218BF7392BA1E9B100D33E3B /* HomeViewModel.swift */; };
		218BF73C2BA1E9BC00D33E3B /* HomeView.swift in Sources */ = {isa = PBXBuildFile; fileRef = 218BF73B2BA1E9BC00D33E3B /* HomeView.swift */; };
		218BF73F2BA200B200D33E3B /* RecipeCollectionViewCell.swift in Sources */ = {isa = PBXBuildFile; fileRef = 218BF73E2BA200B200D33E3B /* RecipeCollectionViewCell.swift */; };
		218BF7422BA208FF00D33E3B /* ReuseIdentifying.swift in Sources */ = {isa = PBXBuildFile; fileRef = 218BF7412BA208FF00D33E3B /* ReuseIdentifying.swift */; };
		218BF7452BA209B000D33E3B /* RecipeModel.swift in Sources */ = {isa = PBXBuildFile; fileRef = 218BF7442BA209B000D33E3B /* RecipeModel.swift */; };
		218BF7482BA36AEB00D33E3B /* MainTabBarController.swift in Sources */ = {isa = PBXBuildFile; fileRef = 218BF7472BA36AEB00D33E3B /* MainTabBarController.swift */; };
		218BF74C2BA36C2C00D33E3B /* SearchView.swift in Sources */ = {isa = PBXBuildFile; fileRef = 218BF74B2BA36C2C00D33E3B /* SearchView.swift */; };
		218BF74E2BA36C4200D33E3B /* SearchViewModel.swift in Sources */ = {isa = PBXBuildFile; fileRef = 218BF74D2BA36C4200D33E3B /* SearchViewModel.swift */; };
		218BF7502BA36C5500D33E3B /* SearchViewController.swift in Sources */ = {isa = PBXBuildFile; fileRef = 218BF74F2BA36C5500D33E3B /* SearchViewController.swift */; };
		218BF7522BA36C8D00D33E3B /* ProfileView.swift in Sources */ = {isa = PBXBuildFile; fileRef = 218BF7512BA36C8D00D33E3B /* ProfileView.swift */; };
		218BF7542BA36C9800D33E3B /* ProfileViewModel.swift in Sources */ = {isa = PBXBuildFile; fileRef = 218BF7532BA36C9800D33E3B /* ProfileViewModel.swift */; };
		218BF7562BA36CA200D33E3B /* ProfileViewController.swift in Sources */ = {isa = PBXBuildFile; fileRef = 218BF7552BA36CA200D33E3B /* ProfileViewController.swift */; };
		218BF75A2BA3802200D33E3B /* SegmentedButtonsView.swift in Sources */ = {isa = PBXBuildFile; fileRef = 218BF7592BA3802200D33E3B /* SegmentedButtonsView.swift */; };
		218BF75F2BA49EDF00D33E3B /* DetailRecipeView.swift in Sources */ = {isa = PBXBuildFile; fileRef = 218BF75E2BA49EDF00D33E3B /* DetailRecipeView.swift */; };
		218BF7612BA49EFD00D33E3B /* DetailRecipeViewModel.swift in Sources */ = {isa = PBXBuildFile; fileRef = 218BF7602BA49EFD00D33E3B /* DetailRecipeViewModel.swift */; };
		218BF7632BA49F0700D33E3B /* DetailRecipeViewController.swift in Sources */ = {isa = PBXBuildFile; fileRef = 218BF7622BA49F0700D33E3B /* DetailRecipeViewController.swift */; };
		DAD7A13409C7628A85329723 /* Pods_CooksCorner.framework in Frameworks */ = {isa = PBXBuildFile; fileRef = 50193C1FB70C86B784687B53 /* Pods_CooksCorner.framework */; };
/* End PBXBuildFile section */

/* Begin PBXFileReference section */
		218BF7062B9F91F100D33E3B /* CooksCorner.app */ = {isa = PBXFileReference; explicitFileType = wrapper.application; includeInIndex = 0; path = CooksCorner.app; sourceTree = BUILT_PRODUCTS_DIR; };
		218BF7092B9F91F100D33E3B /* AppDelegate.swift */ = {isa = PBXFileReference; lastKnownFileType = sourcecode.swift; path = AppDelegate.swift; sourceTree = "<group>"; };
		218BF70B2B9F91F100D33E3B /* SceneDelegate.swift */ = {isa = PBXFileReference; lastKnownFileType = sourcecode.swift; path = SceneDelegate.swift; sourceTree = "<group>"; };
		218BF70D2B9F91F100D33E3B /* SignInViewController.swift */ = {isa = PBXFileReference; lastKnownFileType = sourcecode.swift; path = SignInViewController.swift; sourceTree = "<group>"; };
		218BF7122B9F91F400D33E3B /* Assets.xcassets */ = {isa = PBXFileReference; lastKnownFileType = folder.assetcatalog; path = Assets.xcassets; sourceTree = "<group>"; };
		218BF7152B9F91F400D33E3B /* Base */ = {isa = PBXFileReference; lastKnownFileType = file.storyboard; name = Base; path = Base.lproj/LaunchScreen.storyboard; sourceTree = "<group>"; };
		218BF7172B9F91F400D33E3B /* Info.plist */ = {isa = PBXFileReference; lastKnownFileType = text.plist.xml; path = Info.plist; sourceTree = "<group>"; };
		218BF7222B9F96A400D33E3B /* SignInView.swift */ = {isa = PBXFileReference; lastKnownFileType = sourcecode.swift; path = SignInView.swift; sourceTree = "<group>"; };
		218BF7242B9F96EB00D33E3B /* SignInViewModel.swift */ = {isa = PBXFileReference; lastKnownFileType = sourcecode.swift; path = SignInViewModel.swift; sourceTree = "<group>"; };
		218BF7262B9F970600D33E3B /* SignUpView.swift */ = {isa = PBXFileReference; lastKnownFileType = sourcecode.swift; path = SignUpView.swift; sourceTree = "<group>"; };
		218BF7282B9F971400D33E3B /* SignUpViewModel.swift */ = {isa = PBXFileReference; lastKnownFileType = sourcecode.swift; path = SignUpViewModel.swift; sourceTree = "<group>"; };
		218BF72B2B9F972900D33E3B /* SignUpViewController.swift */ = {isa = PBXFileReference; lastKnownFileType = sourcecode.swift; path = SignUpViewController.swift; sourceTree = "<group>"; };
		218BF7302B9F99F000D33E3B /* CustomTextField.swift */ = {isa = PBXFileReference; lastKnownFileType = sourcecode.swift; path = CustomTextField.swift; sourceTree = "<group>"; };
		218BF7372BA1E97D00D33E3B /* HomeViewController.swift */ = {isa = PBXFileReference; lastKnownFileType = sourcecode.swift; path = HomeViewController.swift; sourceTree = "<group>"; };
		218BF7392BA1E9B100D33E3B /* HomeViewModel.swift */ = {isa = PBXFileReference; lastKnownFileType = sourcecode.swift; path = HomeViewModel.swift; sourceTree = "<group>"; };
		218BF73B2BA1E9BC00D33E3B /* HomeView.swift */ = {isa = PBXFileReference; lastKnownFileType = sourcecode.swift; path = HomeView.swift; sourceTree = "<group>"; };
		218BF73E2BA200B200D33E3B /* RecipeCollectionViewCell.swift */ = {isa = PBXFileReference; lastKnownFileType = sourcecode.swift; path = RecipeCollectionViewCell.swift; sourceTree = "<group>"; };
		218BF7412BA208FF00D33E3B /* ReuseIdentifying.swift */ = {isa = PBXFileReference; lastKnownFileType = sourcecode.swift; path = ReuseIdentifying.swift; sourceTree = "<group>"; };
		218BF7442BA209B000D33E3B /* RecipeModel.swift */ = {isa = PBXFileReference; lastKnownFileType = sourcecode.swift; path = RecipeModel.swift; sourceTree = "<group>"; };
		218BF7472BA36AEB00D33E3B /* MainTabBarController.swift */ = {isa = PBXFileReference; lastKnownFileType = sourcecode.swift; path = MainTabBarController.swift; sourceTree = "<group>"; };
		218BF74B2BA36C2C00D33E3B /* SearchView.swift */ = {isa = PBXFileReference; lastKnownFileType = sourcecode.swift; path = SearchView.swift; sourceTree = "<group>"; };
		218BF74D2BA36C4200D33E3B /* SearchViewModel.swift */ = {isa = PBXFileReference; lastKnownFileType = sourcecode.swift; path = SearchViewModel.swift; sourceTree = "<group>"; };
		218BF74F2BA36C5500D33E3B /* SearchViewController.swift */ = {isa = PBXFileReference; lastKnownFileType = sourcecode.swift; path = SearchViewController.swift; sourceTree = "<group>"; };
		218BF7512BA36C8D00D33E3B /* ProfileView.swift */ = {isa = PBXFileReference; lastKnownFileType = sourcecode.swift; path = ProfileView.swift; sourceTree = "<group>"; };
		218BF7532BA36C9800D33E3B /* ProfileViewModel.swift */ = {isa = PBXFileReference; lastKnownFileType = sourcecode.swift; path = ProfileViewModel.swift; sourceTree = "<group>"; };
		218BF7552BA36CA200D33E3B /* ProfileViewController.swift */ = {isa = PBXFileReference; lastKnownFileType = sourcecode.swift; path = ProfileViewController.swift; sourceTree = "<group>"; };
		218BF7592BA3802200D33E3B /* SegmentedButtonsView.swift */ = {isa = PBXFileReference; lastKnownFileType = sourcecode.swift; path = SegmentedButtonsView.swift; sourceTree = "<group>"; };
		218BF75E2BA49EDF00D33E3B /* DetailRecipeView.swift */ = {isa = PBXFileReference; lastKnownFileType = sourcecode.swift; path = DetailRecipeView.swift; sourceTree = "<group>"; };
		218BF7602BA49EFD00D33E3B /* DetailRecipeViewModel.swift */ = {isa = PBXFileReference; lastKnownFileType = sourcecode.swift; path = DetailRecipeViewModel.swift; sourceTree = "<group>"; };
		218BF7622BA49F0700D33E3B /* DetailRecipeViewController.swift */ = {isa = PBXFileReference; lastKnownFileType = sourcecode.swift; path = DetailRecipeViewController.swift; sourceTree = "<group>"; };
		50193C1FB70C86B784687B53 /* Pods_CooksCorner.framework */ = {isa = PBXFileReference; explicitFileType = wrapper.framework; includeInIndex = 0; path = Pods_CooksCorner.framework; sourceTree = BUILT_PRODUCTS_DIR; };
		5B6B5D6F0192E9F80331A236 /* Pods-CooksCorner.release.xcconfig */ = {isa = PBXFileReference; includeInIndex = 1; lastKnownFileType = text.xcconfig; name = "Pods-CooksCorner.release.xcconfig"; path = "Target Support Files/Pods-CooksCorner/Pods-CooksCorner.release.xcconfig"; sourceTree = "<group>"; };
		7A703BBCBC11AA80A38D2FA8 /* Pods-CooksCorner.debug.xcconfig */ = {isa = PBXFileReference; includeInIndex = 1; lastKnownFileType = text.xcconfig; name = "Pods-CooksCorner.debug.xcconfig"; path = "Target Support Files/Pods-CooksCorner/Pods-CooksCorner.debug.xcconfig"; sourceTree = "<group>"; };
/* End PBXFileReference section */

/* Begin PBXFrameworksBuildPhase section */
		218BF7032B9F91F100D33E3B /* Frameworks */ = {
			isa = PBXFrameworksBuildPhase;
			buildActionMask = 2147483647;
			files = (
				DAD7A13409C7628A85329723 /* Pods_CooksCorner.framework in Frameworks */,
			);
			runOnlyForDeploymentPostprocessing = 0;
		};
/* End PBXFrameworksBuildPhase section */

/* Begin PBXGroup section */
		218BF6FD2B9F91F100D33E3B = {
			isa = PBXGroup;
			children = (
				218BF7082B9F91F100D33E3B /* CooksCorner */,
				218BF7072B9F91F100D33E3B /* Products */,
				26CD373CD4D19BF98C72BB50 /* Pods */,
				AC76C05ED47FC0855C1C115A /* Frameworks */,
			);
			sourceTree = "<group>";
		};
		218BF7072B9F91F100D33E3B /* Products */ = {
			isa = PBXGroup;
			children = (
				218BF7062B9F91F100D33E3B /* CooksCorner.app */,
			);
			name = Products;
			sourceTree = "<group>";
		};
		218BF7082B9F91F100D33E3B /* CooksCorner */ = {
			isa = PBXGroup;
			children = (
				218BF7432BA2099000D33E3B /* Model */,
				218BF7402BA208E600D33E3B /* Extensions */,
				218BF72D2B9F99C800D33E3B /* Common */,
				218BF71F2B9F965E00D33E3B /* Modules */,
				218BF71E2B9F960A00D33E3B /* Resources */,
				218BF71D2B9F95D200D33E3B /* App */,
			);
			path = CooksCorner;
			sourceTree = "<group>";
		};
		218BF71D2B9F95D200D33E3B /* App */ = {
			isa = PBXGroup;
			children = (
				218BF70B2B9F91F100D33E3B /* SceneDelegate.swift */,
				218BF7092B9F91F100D33E3B /* AppDelegate.swift */,
			);
			path = App;
			sourceTree = "<group>";
		};
		218BF71E2B9F960A00D33E3B /* Resources */ = {
			isa = PBXGroup;
			children = (
				218BF7172B9F91F400D33E3B /* Info.plist */,
				218BF7142B9F91F400D33E3B /* LaunchScreen.storyboard */,
				218BF7122B9F91F400D33E3B /* Assets.xcassets */,
			);
			path = Resources;
			sourceTree = "<group>";
		};
		218BF71F2B9F965E00D33E3B /* Modules */ = {
			isa = PBXGroup;
			children = (
				218BF75D2BA49EB900D33E3B /* DetailRecipeWorkFlow */,
				218BF7462BA36AB400D33E3B /* MainTabBarController */,
				218BF74A2BA36BFE00D33E3B /* ProfileWorkFlow */,
				218BF7492BA36BE800D33E3B /* SearchWorkFlow */,
				218BF7362BA1E93200D33E3B /* HomeWorkFlow */,
				218BF7212B9F967F00D33E3B /* SignUpWorkFlow */,
				218BF7202B9F966500D33E3B /* SignInWorkFlow */,
			);
			path = Modules;
			sourceTree = "<group>";
		};
		218BF7202B9F966500D33E3B /* SignInWorkFlow */ = {
			isa = PBXGroup;
			children = (
				218BF7222B9F96A400D33E3B /* SignInView.swift */,
				218BF7242B9F96EB00D33E3B /* SignInViewModel.swift */,
				218BF70D2B9F91F100D33E3B /* SignInViewController.swift */,
			);
			path = SignInWorkFlow;
			sourceTree = "<group>";
		};
		218BF7212B9F967F00D33E3B /* SignUpWorkFlow */ = {
			isa = PBXGroup;
			children = (
				218BF7262B9F970600D33E3B /* SignUpView.swift */,
				218BF7282B9F971400D33E3B /* SignUpViewModel.swift */,
				218BF72B2B9F972900D33E3B /* SignUpViewController.swift */,
			);
			path = SignUpWorkFlow;
			sourceTree = "<group>";
		};
		218BF72D2B9F99C800D33E3B /* Common */ = {
			isa = PBXGroup;
			children = (
				218BF72E2B9F99D400D33E3B /* CustomTextField */,
			);
			path = Common;
			sourceTree = "<group>";
		};
		218BF72E2B9F99D400D33E3B /* CustomTextField */ = {
			isa = PBXGroup;
			children = (
				218BF7302B9F99F000D33E3B /* CustomTextField.swift */,
			);
			path = CustomTextField;
			sourceTree = "<group>";
		};
		218BF7362BA1E93200D33E3B /* HomeWorkFlow */ = {
			isa = PBXGroup;
			children = (
				218BF73D2BA2009300D33E3B /* UIComponent */,
				218BF73B2BA1E9BC00D33E3B /* HomeView.swift */,
				218BF7392BA1E9B100D33E3B /* HomeViewModel.swift */,
				218BF7372BA1E97D00D33E3B /* HomeViewController.swift */,
			);
			path = HomeWorkFlow;
			sourceTree = "<group>";
		};
		218BF73D2BA2009300D33E3B /* UIComponent */ = {
			isa = PBXGroup;
			children = (
				218BF75C2BA49E7700D33E3B /* CustomView */,
				218BF75B2BA49E6000D33E3B /* CustomCell */,
			);
			path = UIComponent;
			sourceTree = "<group>";
		};
		218BF7402BA208E600D33E3B /* Extensions */ = {
			isa = PBXGroup;
			children = (
				218BF7412BA208FF00D33E3B /* ReuseIdentifying.swift */,
			);
			path = Extensions;
			sourceTree = "<group>";
		};
		218BF7432BA2099000D33E3B /* Model */ = {
			isa = PBXGroup;
			children = (
				218BF7442BA209B000D33E3B /* RecipeModel.swift */,
			);
			path = Model;
			sourceTree = "<group>";
		};
		218BF7462BA36AB400D33E3B /* MainTabBarController */ = {
			isa = PBXGroup;
			children = (
				218BF7472BA36AEB00D33E3B /* MainTabBarController.swift */,
			);
			path = MainTabBarController;
			sourceTree = "<group>";
		};
		218BF7492BA36BE800D33E3B /* SearchWorkFlow */ = {
			isa = PBXGroup;
			children = (
				218BF74B2BA36C2C00D33E3B /* SearchView.swift */,
				218BF74D2BA36C4200D33E3B /* SearchViewModel.swift */,
				218BF74F2BA36C5500D33E3B /* SearchViewController.swift */,
			);
			path = SearchWorkFlow;
			sourceTree = "<group>";
		};
		218BF74A2BA36BFE00D33E3B /* ProfileWorkFlow */ = {
			isa = PBXGroup;
			children = (
				218BF7512BA36C8D00D33E3B /* ProfileView.swift */,
				218BF7532BA36C9800D33E3B /* ProfileViewModel.swift */,
				218BF7552BA36CA200D33E3B /* ProfileViewController.swift */,
			);
			path = ProfileWorkFlow;
			sourceTree = "<group>";
		};
		218BF75B2BA49E6000D33E3B /* CustomCell */ = {
			isa = PBXGroup;
			children = (
				218BF73E2BA200B200D33E3B /* RecipeCollectionViewCell.swift */,
			);
			path = CustomCell;
			sourceTree = "<group>";
		};
		218BF75C2BA49E7700D33E3B /* CustomView */ = {
			isa = PBXGroup;
			children = (
				218BF7592BA3802200D33E3B /* SegmentedButtonsView.swift */,
			);
			path = CustomView;
			sourceTree = "<group>";
		};
		218BF75D2BA49EB900D33E3B /* DetailRecipeWorkFlow */ = {
			isa = PBXGroup;
			children = (
				218BF75E2BA49EDF00D33E3B /* DetailRecipeView.swift */,
				218BF7602BA49EFD00D33E3B /* DetailRecipeViewModel.swift */,
				218BF7622BA49F0700D33E3B /* DetailRecipeViewController.swift */,
			);
			path = DetailRecipeWorkFlow;
			sourceTree = "<group>";
		};
		26CD373CD4D19BF98C72BB50 /* Pods */ = {
			isa = PBXGroup;
			children = (
				7A703BBCBC11AA80A38D2FA8 /* Pods-CooksCorner.debug.xcconfig */,
				5B6B5D6F0192E9F80331A236 /* Pods-CooksCorner.release.xcconfig */,
			);
			path = Pods;
			sourceTree = "<group>";
		};
		AC76C05ED47FC0855C1C115A /* Frameworks */ = {
			isa = PBXGroup;
			children = (
				50193C1FB70C86B784687B53 /* Pods_CooksCorner.framework */,
			);
			name = Frameworks;
			sourceTree = "<group>";
		};
/* End PBXGroup section */

/* Begin PBXNativeTarget section */
		218BF7052B9F91F100D33E3B /* CooksCorner */ = {
			isa = PBXNativeTarget;
			buildConfigurationList = 218BF71A2B9F91F400D33E3B /* Build configuration list for PBXNativeTarget "CooksCorner" */;
			buildPhases = (
				C5E9066CFD7700D40FBFD301 /* [CP] Check Pods Manifest.lock */,
				218BF7022B9F91F100D33E3B /* Sources */,
				218BF7032B9F91F100D33E3B /* Frameworks */,
				218BF7042B9F91F100D33E3B /* Resources */,
				ADD61C378FB7A6EBD05106F4 /* [CP] Embed Pods Frameworks */,
			);
			buildRules = (
			);
			dependencies = (
			);
			name = CooksCorner;
			productName = CooksCorner;
			productReference = 218BF7062B9F91F100D33E3B /* CooksCorner.app */;
			productType = "com.apple.product-type.application";
		};
/* End PBXNativeTarget section */

/* Begin PBXProject section */
		218BF6FE2B9F91F100D33E3B /* Project object */ = {
			isa = PBXProject;
			attributes = {
				BuildIndependentTargetsInParallel = 1;
				LastSwiftUpdateCheck = 1520;
				LastUpgradeCheck = 1520;
				TargetAttributes = {
					218BF7052B9F91F100D33E3B = {
						CreatedOnToolsVersion = 15.2;
					};
				};
			};
			buildConfigurationList = 218BF7012B9F91F100D33E3B /* Build configuration list for PBXProject "CooksCorner" */;
			compatibilityVersion = "Xcode 14.0";
			developmentRegion = en;
			hasScannedForEncodings = 0;
			knownRegions = (
				en,
				Base,
			);
			mainGroup = 218BF6FD2B9F91F100D33E3B;
			productRefGroup = 218BF7072B9F91F100D33E3B /* Products */;
			projectDirPath = "";
			projectRoot = "";
			targets = (
				218BF7052B9F91F100D33E3B /* CooksCorner */,
			);
		};
/* End PBXProject section */

/* Begin PBXResourcesBuildPhase section */
		218BF7042B9F91F100D33E3B /* Resources */ = {
			isa = PBXResourcesBuildPhase;
			buildActionMask = 2147483647;
			files = (
				218BF7162B9F91F400D33E3B /* LaunchScreen.storyboard in Resources */,
				218BF7132B9F91F400D33E3B /* Assets.xcassets in Resources */,
			);
			runOnlyForDeploymentPostprocessing = 0;
		};
/* End PBXResourcesBuildPhase section */

/* Begin PBXShellScriptBuildPhase section */
		ADD61C378FB7A6EBD05106F4 /* [CP] Embed Pods Frameworks */ = {
			isa = PBXShellScriptBuildPhase;
			buildActionMask = 2147483647;
			files = (
			);
			inputFileListPaths = (
				"${PODS_ROOT}/Target Support Files/Pods-CooksCorner/Pods-CooksCorner-frameworks-${CONFIGURATION}-input-files.xcfilelist",
			);
			name = "[CP] Embed Pods Frameworks";
			outputFileListPaths = (
				"${PODS_ROOT}/Target Support Files/Pods-CooksCorner/Pods-CooksCorner-frameworks-${CONFIGURATION}-output-files.xcfilelist",
			);
			runOnlyForDeploymentPostprocessing = 0;
			shellPath = /bin/sh;
			shellScript = "\"${PODS_ROOT}/Target Support Files/Pods-CooksCorner/Pods-CooksCorner-frameworks.sh\"\n";
			showEnvVarsInLog = 0;
		};
		C5E9066CFD7700D40FBFD301 /* [CP] Check Pods Manifest.lock */ = {
			isa = PBXShellScriptBuildPhase;
			buildActionMask = 2147483647;
			files = (
			);
			inputFileListPaths = (
			);
			inputPaths = (
				"${PODS_PODFILE_DIR_PATH}/Podfile.lock",
				"${PODS_ROOT}/Manifest.lock",
			);
			name = "[CP] Check Pods Manifest.lock";
			outputFileListPaths = (
			);
			outputPaths = (
				"$(DERIVED_FILE_DIR)/Pods-CooksCorner-checkManifestLockResult.txt",
			);
			runOnlyForDeploymentPostprocessing = 0;
			shellPath = /bin/sh;
			shellScript = "diff \"${PODS_PODFILE_DIR_PATH}/Podfile.lock\" \"${PODS_ROOT}/Manifest.lock\" > /dev/null\nif [ $? != 0 ] ; then\n    # print error to STDERR\n    echo \"error: The sandbox is not in sync with the Podfile.lock. Run 'pod install' or update your CocoaPods installation.\" >&2\n    exit 1\nfi\n# This output is used by Xcode 'outputs' to avoid re-running this script phase.\necho \"SUCCESS\" > \"${SCRIPT_OUTPUT_FILE_0}\"\n";
			showEnvVarsInLog = 0;
		};
/* End PBXShellScriptBuildPhase section */

/* Begin PBXSourcesBuildPhase section */
		218BF7022B9F91F100D33E3B /* Sources */ = {
			isa = PBXSourcesBuildPhase;
			buildActionMask = 2147483647;
			files = (
				218BF70E2B9F91F100D33E3B /* SignInViewController.swift in Sources */,
				218BF75F2BA49EDF00D33E3B /* DetailRecipeView.swift in Sources */,
				218BF73A2BA1E9B100D33E3B /* HomeViewModel.swift in Sources */,
				218BF7452BA209B000D33E3B /* RecipeModel.swift in Sources */,
				218BF70A2B9F91F100D33E3B /* AppDelegate.swift in Sources */,
				218BF7502BA36C5500D33E3B /* SearchViewController.swift in Sources */,
				218BF72C2B9F972900D33E3B /* SignUpViewController.swift in Sources */,
				218BF7562BA36CA200D33E3B /* ProfileViewController.swift in Sources */,
				218BF75A2BA3802200D33E3B /* SegmentedButtonsView.swift in Sources */,
				218BF7542BA36C9800D33E3B /* ProfileViewModel.swift in Sources */,
				218BF7232B9F96A400D33E3B /* SignInView.swift in Sources */,
				218BF7612BA49EFD00D33E3B /* DetailRecipeViewModel.swift in Sources */,
				218BF74E2BA36C4200D33E3B /* SearchViewModel.swift in Sources */,
				218BF74C2BA36C2C00D33E3B /* SearchView.swift in Sources */,
				218BF70C2B9F91F100D33E3B /* SceneDelegate.swift in Sources */,
				218BF73F2BA200B200D33E3B /* RecipeCollectionViewCell.swift in Sources */,
				218BF7632BA49F0700D33E3B /* DetailRecipeViewController.swift in Sources */,
				218BF7422BA208FF00D33E3B /* ReuseIdentifying.swift in Sources */,
				218BF7522BA36C8D00D33E3B /* ProfileView.swift in Sources */,
				218BF7382BA1E97D00D33E3B /* HomeViewController.swift in Sources */,
				218BF7482BA36AEB00D33E3B /* MainTabBarController.swift in Sources */,
				218BF7272B9F970600D33E3B /* SignUpView.swift in Sources */,
				218BF7252B9F96EB00D33E3B /* SignInViewModel.swift in Sources */,
				218BF73C2BA1E9BC00D33E3B /* HomeView.swift in Sources */,
				218BF7292B9F971400D33E3B /* SignUpViewModel.swift in Sources */,
				218BF7312B9F99F000D33E3B /* CustomTextField.swift in Sources */,
			);
			runOnlyForDeploymentPostprocessing = 0;
		};
/* End PBXSourcesBuildPhase section */

/* Begin PBXVariantGroup section */
		218BF7142B9F91F400D33E3B /* LaunchScreen.storyboard */ = {
			isa = PBXVariantGroup;
			children = (
				218BF7152B9F91F400D33E3B /* Base */,
			);
			name = LaunchScreen.storyboard;
			sourceTree = "<group>";
		};
/* End PBXVariantGroup section */

/* Begin XCBuildConfiguration section */
		218BF7182B9F91F400D33E3B /* Debug */ = {
			isa = XCBuildConfiguration;
			buildSettings = {
				ALWAYS_SEARCH_USER_PATHS = NO;
				ASSETCATALOG_COMPILER_GENERATE_SWIFT_ASSET_SYMBOL_EXTENSIONS = YES;
				CLANG_ANALYZER_NONNULL = YES;
				CLANG_ANALYZER_NUMBER_OBJECT_CONVERSION = YES_AGGRESSIVE;
				CLANG_CXX_LANGUAGE_STANDARD = "gnu++20";
				CLANG_ENABLE_MODULES = YES;
				CLANG_ENABLE_OBJC_ARC = YES;
				CLANG_ENABLE_OBJC_WEAK = YES;
				CLANG_WARN_BLOCK_CAPTURE_AUTORELEASING = YES;
				CLANG_WARN_BOOL_CONVERSION = YES;
				CLANG_WARN_COMMA = YES;
				CLANG_WARN_CONSTANT_CONVERSION = YES;
				CLANG_WARN_DEPRECATED_OBJC_IMPLEMENTATIONS = YES;
				CLANG_WARN_DIRECT_OBJC_ISA_USAGE = YES_ERROR;
				CLANG_WARN_DOCUMENTATION_COMMENTS = YES;
				CLANG_WARN_EMPTY_BODY = YES;
				CLANG_WARN_ENUM_CONVERSION = YES;
				CLANG_WARN_INFINITE_RECURSION = YES;
				CLANG_WARN_INT_CONVERSION = YES;
				CLANG_WARN_NON_LITERAL_NULL_CONVERSION = YES;
				CLANG_WARN_OBJC_IMPLICIT_RETAIN_SELF = YES;
				CLANG_WARN_OBJC_LITERAL_CONVERSION = YES;
				CLANG_WARN_OBJC_ROOT_CLASS = YES_ERROR;
				CLANG_WARN_QUOTED_INCLUDE_IN_FRAMEWORK_HEADER = YES;
				CLANG_WARN_RANGE_LOOP_ANALYSIS = YES;
				CLANG_WARN_STRICT_PROTOTYPES = YES;
				CLANG_WARN_SUSPICIOUS_MOVE = YES;
				CLANG_WARN_UNGUARDED_AVAILABILITY = YES_AGGRESSIVE;
				CLANG_WARN_UNREACHABLE_CODE = YES;
				CLANG_WARN__DUPLICATE_METHOD_MATCH = YES;
				COPY_PHASE_STRIP = NO;
				DEBUG_INFORMATION_FORMAT = dwarf;
				ENABLE_STRICT_OBJC_MSGSEND = YES;
				ENABLE_TESTABILITY = YES;
				ENABLE_USER_SCRIPT_SANDBOXING = NO;
				GCC_C_LANGUAGE_STANDARD = gnu17;
				GCC_DYNAMIC_NO_PIC = NO;
				GCC_NO_COMMON_BLOCKS = YES;
				GCC_OPTIMIZATION_LEVEL = 0;
				GCC_PREPROCESSOR_DEFINITIONS = (
					"DEBUG=1",
					"$(inherited)",
				);
				GCC_WARN_64_TO_32_BIT_CONVERSION = YES;
				GCC_WARN_ABOUT_RETURN_TYPE = YES_ERROR;
				GCC_WARN_UNDECLARED_SELECTOR = YES;
				GCC_WARN_UNINITIALIZED_AUTOS = YES_AGGRESSIVE;
				GCC_WARN_UNUSED_FUNCTION = YES;
				GCC_WARN_UNUSED_VARIABLE = YES;
				IPHONEOS_DEPLOYMENT_TARGET = 17.2;
				LOCALIZATION_PREFERS_STRING_CATALOGS = YES;
				MTL_ENABLE_DEBUG_INFO = INCLUDE_SOURCE;
				MTL_FAST_MATH = YES;
				ONLY_ACTIVE_ARCH = YES;
				SDKROOT = iphoneos;
				SWIFT_ACTIVE_COMPILATION_CONDITIONS = "DEBUG $(inherited)";
				SWIFT_OPTIMIZATION_LEVEL = "-Onone";
			};
			name = Debug;
		};
		218BF7192B9F91F400D33E3B /* Release */ = {
			isa = XCBuildConfiguration;
			buildSettings = {
				ALWAYS_SEARCH_USER_PATHS = NO;
				ASSETCATALOG_COMPILER_GENERATE_SWIFT_ASSET_SYMBOL_EXTENSIONS = YES;
				CLANG_ANALYZER_NONNULL = YES;
				CLANG_ANALYZER_NUMBER_OBJECT_CONVERSION = YES_AGGRESSIVE;
				CLANG_CXX_LANGUAGE_STANDARD = "gnu++20";
				CLANG_ENABLE_MODULES = YES;
				CLANG_ENABLE_OBJC_ARC = YES;
				CLANG_ENABLE_OBJC_WEAK = YES;
				CLANG_WARN_BLOCK_CAPTURE_AUTORELEASING = YES;
				CLANG_WARN_BOOL_CONVERSION = YES;
				CLANG_WARN_COMMA = YES;
				CLANG_WARN_CONSTANT_CONVERSION = YES;
				CLANG_WARN_DEPRECATED_OBJC_IMPLEMENTATIONS = YES;
				CLANG_WARN_DIRECT_OBJC_ISA_USAGE = YES_ERROR;
				CLANG_WARN_DOCUMENTATION_COMMENTS = YES;
				CLANG_WARN_EMPTY_BODY = YES;
				CLANG_WARN_ENUM_CONVERSION = YES;
				CLANG_WARN_INFINITE_RECURSION = YES;
				CLANG_WARN_INT_CONVERSION = YES;
				CLANG_WARN_NON_LITERAL_NULL_CONVERSION = YES;
				CLANG_WARN_OBJC_IMPLICIT_RETAIN_SELF = YES;
				CLANG_WARN_OBJC_LITERAL_CONVERSION = YES;
				CLANG_WARN_OBJC_ROOT_CLASS = YES_ERROR;
				CLANG_WARN_QUOTED_INCLUDE_IN_FRAMEWORK_HEADER = YES;
				CLANG_WARN_RANGE_LOOP_ANALYSIS = YES;
				CLANG_WARN_STRICT_PROTOTYPES = YES;
				CLANG_WARN_SUSPICIOUS_MOVE = YES;
				CLANG_WARN_UNGUARDED_AVAILABILITY = YES_AGGRESSIVE;
				CLANG_WARN_UNREACHABLE_CODE = YES;
				CLANG_WARN__DUPLICATE_METHOD_MATCH = YES;
				COPY_PHASE_STRIP = NO;
				DEBUG_INFORMATION_FORMAT = "dwarf-with-dsym";
				ENABLE_NS_ASSERTIONS = NO;
				ENABLE_STRICT_OBJC_MSGSEND = YES;
				ENABLE_USER_SCRIPT_SANDBOXING = NO;
				GCC_C_LANGUAGE_STANDARD = gnu17;
				GCC_NO_COMMON_BLOCKS = YES;
				GCC_WARN_64_TO_32_BIT_CONVERSION = YES;
				GCC_WARN_ABOUT_RETURN_TYPE = YES_ERROR;
				GCC_WARN_UNDECLARED_SELECTOR = YES;
				GCC_WARN_UNINITIALIZED_AUTOS = YES_AGGRESSIVE;
				GCC_WARN_UNUSED_FUNCTION = YES;
				GCC_WARN_UNUSED_VARIABLE = YES;
				IPHONEOS_DEPLOYMENT_TARGET = 17.2;
				LOCALIZATION_PREFERS_STRING_CATALOGS = YES;
				MTL_ENABLE_DEBUG_INFO = NO;
				MTL_FAST_MATH = YES;
				SDKROOT = iphoneos;
				SWIFT_COMPILATION_MODE = wholemodule;
				VALIDATE_PRODUCT = YES;
			};
			name = Release;
		};
		218BF71B2B9F91F400D33E3B /* Debug */ = {
			isa = XCBuildConfiguration;
			baseConfigurationReference = 7A703BBCBC11AA80A38D2FA8 /* Pods-CooksCorner.debug.xcconfig */;
			buildSettings = {
				ASSETCATALOG_COMPILER_APPICON_NAME = AppIcon;
				ASSETCATALOG_COMPILER_GLOBAL_ACCENT_COLOR_NAME = AccentColor;
				CODE_SIGN_STYLE = Automatic;
				CURRENT_PROJECT_VERSION = 1;
				GENERATE_INFOPLIST_FILE = YES;
				INFOPLIST_FILE = CooksCorner/Resources/Info.plist;
				INFOPLIST_KEY_UIApplicationSupportsIndirectInputEvents = YES;
				INFOPLIST_KEY_UILaunchStoryboardName = LaunchScreen;
				INFOPLIST_KEY_UISupportedInterfaceOrientations_iPad = "UIInterfaceOrientationPortrait UIInterfaceOrientationPortraitUpsideDown UIInterfaceOrientationLandscapeLeft UIInterfaceOrientationLandscapeRight";
				INFOPLIST_KEY_UISupportedInterfaceOrientations_iPhone = "UIInterfaceOrientationPortrait UIInterfaceOrientationLandscapeLeft UIInterfaceOrientationLandscapeRight";
				LD_RUNPATH_SEARCH_PATHS = (
					"$(inherited)",
					"@executable_path/Frameworks",
				);
				MARKETING_VERSION = 1.0;
				PRODUCT_BUNDLE_IDENTIFIER = MyProject.CooksCorner;
				PRODUCT_NAME = "$(TARGET_NAME)";
				SWIFT_EMIT_LOC_STRINGS = YES;
				SWIFT_VERSION = 5.0;
				TARGETED_DEVICE_FAMILY = "1,2";
			};
			name = Debug;
		};
		218BF71C2B9F91F400D33E3B /* Release */ = {
			isa = XCBuildConfiguration;
			baseConfigurationReference = 5B6B5D6F0192E9F80331A236 /* Pods-CooksCorner.release.xcconfig */;
			buildSettings = {
				ASSETCATALOG_COMPILER_APPICON_NAME = AppIcon;
				ASSETCATALOG_COMPILER_GLOBAL_ACCENT_COLOR_NAME = AccentColor;
				CODE_SIGN_STYLE = Automatic;
				CURRENT_PROJECT_VERSION = 1;
				GENERATE_INFOPLIST_FILE = YES;
				INFOPLIST_FILE = CooksCorner/Resources/Info.plist;
				INFOPLIST_KEY_UIApplicationSupportsIndirectInputEvents = YES;
				INFOPLIST_KEY_UILaunchStoryboardName = LaunchScreen;
				INFOPLIST_KEY_UISupportedInterfaceOrientations_iPad = "UIInterfaceOrientationPortrait UIInterfaceOrientationPortraitUpsideDown UIInterfaceOrientationLandscapeLeft UIInterfaceOrientationLandscapeRight";
				INFOPLIST_KEY_UISupportedInterfaceOrientations_iPhone = "UIInterfaceOrientationPortrait UIInterfaceOrientationLandscapeLeft UIInterfaceOrientationLandscapeRight";
				LD_RUNPATH_SEARCH_PATHS = (
					"$(inherited)",
					"@executable_path/Frameworks",
				);
				MARKETING_VERSION = 1.0;
				PRODUCT_BUNDLE_IDENTIFIER = MyProject.CooksCorner;
				PRODUCT_NAME = "$(TARGET_NAME)";
				SWIFT_EMIT_LOC_STRINGS = YES;
				SWIFT_VERSION = 5.0;
				TARGETED_DEVICE_FAMILY = "1,2";
			};
			name = Release;
		};
/* End XCBuildConfiguration section */

/* Begin XCConfigurationList section */
		218BF7012B9F91F100D33E3B /* Build configuration list for PBXProject "CooksCorner" */ = {
			isa = XCConfigurationList;
			buildConfigurations = (
				218BF7182B9F91F400D33E3B /* Debug */,
				218BF7192B9F91F400D33E3B /* Release */,
			);
			defaultConfigurationIsVisible = 0;
			defaultConfigurationName = Release;
		};
		218BF71A2B9F91F400D33E3B /* Build configuration list for PBXNativeTarget "CooksCorner" */ = {
			isa = XCConfigurationList;
			buildConfigurations = (
				218BF71B2B9F91F400D33E3B /* Debug */,
				218BF71C2B9F91F400D33E3B /* Release */,
			);
			defaultConfigurationIsVisible = 0;
			defaultConfigurationName = Release;
		};
/* End XCConfigurationList section */
	};
	rootObject = 218BF6FE2B9F91F100D33E3B /* Project object */;
}
